
Microsoft Visual Studio Solution File, Format Version 12.00
# Visual Studio Version 16
VisualStudioVersion = 16.0.28407.52
MinimumVisualStudioVersion = 10.0.40219.1
Project("{2150E333-8FDC-42A3-9474-1A3956D46DE8}") = "src", "src", "{D9B4F213-C669-4AD0-878C-03D796BD49CD}"
EndProject
Project("{2150E333-8FDC-42A3-9474-1A3956D46DE8}") = "tests", "tests", "{7D123144-CB64-499D-83F6-3233D630CC7C}"
EndProject
Project("{FAE04EC0-301F-11D3-BF4B-00C04F79EFBC}") = "UnhallowedStudios.Patterns.Harbinger", "src\UnhallowedStudios.Patterns.Harbinger\UnhallowedStudios.Patterns.Harbinger.csproj", "{3AED6405-2445-4151-94F2-2ED2DDA6FFCD}"
EndProject
Global
	GlobalSection(SolutionConfigurationPlatforms) = preSolution
		Debug|Any CPU = Debug|Any CPU
		Release|Any CPU = Release|Any CPU
	EndGlobalSection
	GlobalSection(ProjectConfigurationPlatforms) = postSolution
		{3AED6405-2445-4151-94F2-2ED2DDA6FFCD}.Debug|Any CPU.ActiveCfg = Debug|Any CPU
		{3AED6405-2445-4151-94F2-2ED2DDA6FFCD}.Debug|Any CPU.Build.0 = Debug|Any CPU
		{3AED6405-2445-4151-94F2-2ED2DDA6FFCD}.Release|Any CPU.ActiveCfg = Release|Any CPU
		{3AED6405-2445-4151-94F2-2ED2DDA6FFCD}.Release|Any CPU.Build.0 = Release|Any CPU
	EndGlobalSection
	GlobalSection(SolutionProperties) = preSolution
		HideSolutionNode = FALSE
	EndGlobalSection
	GlobalSection(NestedProjects) = preSolution
		{3AED6405-2445-4151-94F2-2ED2DDA6FFCD} = {D9B4F213-C669-4AD0-878C-03D796BD49CD}
	EndGlobalSection
	GlobalSection(ExtensibilityGlobals) = postSolution
		SolutionGuid = {C53DCD27-3F9B-400C-9D56-28988F9E72B3}
	EndGlobalSection
EndGlobal
